
Microsoft Visual Studio Solution File, Format Version 12.00
# Visual Studio Version 17
VisualStudioVersion = 17.5.002.0
MinimumVisualStudioVersion = 10.0.40219.1
Project("{9A19103F-16F7-4668-BE54-9A1E7A4F7556}") = "kill-riot-processes", "kill-riot-processes.csproj", "{9F3C6168-2635-4823-BE0B-0D17A7A402CC}"
EndProject
Global
	GlobalSection(SolutionConfigurationPlatforms) = preSolution
		Debug|Any CPU = Debug|Any CPU
		Release|Any CPU = Release|Any CPU
	EndGlobalSection
	GlobalSection(ProjectConfigurationPlatforms) = postSolution
		{9F3C6168-2635-4823-BE0B-0D17A7A402CC}.Debug|Any CPU.ActiveCfg = Debug|Any CPU
		{9F3C6168-2635-4823-BE0B-0D17A7A402CC}.Debug|Any CPU.Build.0 = Debug|Any CPU
		{9F3C6168-2635-4823-BE0B-0D17A7A402CC}.Release|Any CPU.ActiveCfg = Release|Any CPU
		{9F3C6168-2635-4823-BE0B-0D17A7A402CC}.Release|Any CPU.Build.0 = Release|Any CPU
	EndGlobalSection
	GlobalSection(SolutionProperties) = preSolution
		HideSolutionNode = FALSE
	EndGlobalSection
	GlobalSection(ExtensibilityGlobals) = postSolution
		SolutionGuid = {3133820E-400D-41E5-AD4D-F3E589D92419}
	EndGlobalSection
EndGlobal
